
Microsoft Visual Studio Solution File, Format Version 12.00
# Visual Studio Version 17
VisualStudioVersion = 17.2.32516.85
MinimumVisualStudioVersion = 10.0.40219.1
Project("{9A19103F-16F7-4668-BE54-9A1E7A4F7556}") = "BethanyPieShopHRM", "BethanyPieShopHRM\BethanyPieShopHRM.csproj", "{4324C3CB-B08D-48C7-888F-1CC678305A51}"
EndProject
Project("{9A19103F-16F7-4668-BE54-9A1E7A4F7556}") = "BethanyPieShopHRM.Shared", "BethanyPieShopHRM.Shared\BethanyPieShopHRM.Shared.csproj", "{B617BA03-B2A0-44EB-ADA8-132FF4B7295E}"
EndProject
Project("{9A19103F-16F7-4668-BE54-9A1E7A4F7556}") = "BethanyPieShopHRM.Api", "BethanysPieShopHRM.Api\BethanyPieShopHRM.Api.csproj", "{6006E5D2-E3C9-43E9-95F6-F7036C37B9B1}"
EndProject
Global
	GlobalSection(SolutionConfigurationPlatforms) = preSolution
		Debug|Any CPU = Debug|Any CPU
		Release|Any CPU = Release|Any CPU
	EndGlobalSection
	GlobalSection(ProjectConfigurationPlatforms) = postSolution
		{4324C3CB-B08D-48C7-888F-1CC678305A51}.Debug|Any CPU.ActiveCfg = Debug|Any CPU
		{4324C3CB-B08D-48C7-888F-1CC678305A51}.Debug|Any CPU.Build.0 = Debug|Any CPU
		{4324C3CB-B08D-48C7-888F-1CC678305A51}.Release|Any CPU.ActiveCfg = Release|Any CPU
		{4324C3CB-B08D-48C7-888F-1CC678305A51}.Release|Any CPU.Build.0 = Release|Any CPU
		{B617BA03-B2A0-44EB-ADA8-132FF4B7295E}.Debug|Any CPU.ActiveCfg = Debug|Any CPU
		{B617BA03-B2A0-44EB-ADA8-132FF4B7295E}.Debug|Any CPU.Build.0 = Debug|Any CPU
		{B617BA03-B2A0-44EB-ADA8-132FF4B7295E}.Release|Any CPU.ActiveCfg = Release|Any CPU
		{B617BA03-B2A0-44EB-ADA8-132FF4B7295E}.Release|Any CPU.Build.0 = Release|Any CPU
		{6006E5D2-E3C9-43E9-95F6-F7036C37B9B1}.Debug|Any CPU.ActiveCfg = Debug|Any CPU
		{6006E5D2-E3C9-43E9-95F6-F7036C37B9B1}.Debug|Any CPU.Build.0 = Debug|Any CPU
		{6006E5D2-E3C9-43E9-95F6-F7036C37B9B1}.Release|Any CPU.ActiveCfg = Release|Any CPU
		{6006E5D2-E3C9-43E9-95F6-F7036C37B9B1}.Release|Any CPU.Build.0 = Release|Any CPU
	EndGlobalSection
	GlobalSection(SolutionProperties) = preSolution
		HideSolutionNode = FALSE
	EndGlobalSection
	GlobalSection(ExtensibilityGlobals) = postSolution
		SolutionGuid = {3F3FEC69-1481-45B8-8840-71EE14C18C6D}
	EndGlobalSection
EndGlobal
